
Microsoft Visual Studio Solution File, Format Version 12.00
Project("{FAE04EC0-301F-11D3-BF4B-00C04F79EFBC}") = "Resizer", "src\Resizer\Resizer.csproj", "{0944923A-648E-48A9-A01E-9C4C398A9F83}"
EndProject
Global
	GlobalSection(SolutionConfigurationPlatforms) = preSolution
		Debug|Any CPU = Debug|Any CPU
		Release|Any CPU = Release|Any CPU
	EndGlobalSection
	GlobalSection(ProjectConfigurationPlatforms) = postSolution
		{0944923A-648E-48A9-A01E-9C4C398A9F83}.Debug|Any CPU.ActiveCfg = Debug|Any CPU
		{0944923A-648E-48A9-A01E-9C4C398A9F83}.Debug|Any CPU.Build.0 = Debug|Any CPU
		{0944923A-648E-48A9-A01E-9C4C398A9F83}.Release|Any CPU.ActiveCfg = Release|Any CPU
		{0944923A-648E-48A9-A01E-9C4C398A9F83}.Release|Any CPU.Build.0 = Release|Any CPU
	EndGlobalSection
EndGlobal
